{
  "name": "truco",
  "lockfileVersion": 3,
  "requires": true,
  "packages": {
    "": {
      "dependencies": {
        "the-game-domain": "^1.2.120"
      }
    },
    "node_modules/the-game-domain": {
      "version": "1.2.120",
      "resolved": "https://registry.npmjs.org/the-game-domain/-/the-game-domain-1.2.120.tgz",
      "integrity": "sha512-yZG8b9oBPIZuBjiXOM383IhHbEXsaEjl7Ypkie7nAmQJWUOky64bRCkGijeWOvy7PTjufJ6rzfXOsYCgWTLM7A==",
      "license": "MIT"
    }
  }
}
